// !$*UTF8*$!
{
	archiveVersion = 1;
	classes = {
	};
	objectVersion = 56;
	objects = {

/* Begin PBXBuildFile section */
		250A66E82AF94DBB00BFD9DF /* Assets.xcassets in Resources */ = {isa = PBXBuildFile; fileRef = 250A66E72AF94DBB00BFD9DF /* Assets.xcassets */; };
		25175B292AF0086800364616 /* AppDelegate.swift in Sources */ = {isa = PBXBuildFile; fileRef = 25175B282AF0086800364616 /* AppDelegate.swift */; };
		25175B2B2AF0086800364616 /* SceneDelegate.swift in Sources */ = {isa = PBXBuildFile; fileRef = 25175B2A2AF0086800364616 /* SceneDelegate.swift */; };
		25175B2D2AF0086800364616 /* ViewController.swift in Sources */ = {isa = PBXBuildFile; fileRef = 25175B2C2AF0086800364616 /* ViewController.swift */; };
		25175B302AF0086800364616 /* Main.storyboard in Resources */ = {isa = PBXBuildFile; fileRef = 25175B2E2AF0086800364616 /* Main.storyboard */; };
		25175B352AF0086A00364616 /* LaunchScreen.storyboard in Resources */ = {isa = PBXBuildFile; fileRef = 25175B332AF0086A00364616 /* LaunchScreen.storyboard */; };
		25175B402AF0086A00364616 /* Adventure_AppTests.swift in Sources */ = {isa = PBXBuildFile; fileRef = 25175B3F2AF0086A00364616 /* Adventure_AppTests.swift */; };
		25175B4A2AF0086A00364616 /* Adventure_AppUITests.swift in Sources */ = {isa = PBXBuildFile; fileRef = 25175B492AF0086A00364616 /* Adventure_AppUITests.swift */; };
		25175B4C2AF0086A00364616 /* Adventure_AppUITestsLaunchTests.swift in Sources */ = {isa = PBXBuildFile; fileRef = 25175B4B2AF0086A00364616 /* Adventure_AppUITestsLaunchTests.swift */; };
/* End PBXBuildFile section */

/* Begin PBXContainerItemProxy section */
		25175B3C2AF0086A00364616 /* PBXContainerItemProxy */ = {
			isa = PBXContainerItemProxy;
			containerPortal = 25175B1D2AF0086800364616 /* Project object */;
			proxyType = 1;
			remoteGlobalIDString = 25175B242AF0086800364616;
			remoteInfo = "Adventure App";
		};
		25175B462AF0086A00364616 /* PBXContainerItemProxy */ = {
			isa = PBXContainerItemProxy;
			containerPortal = 25175B1D2AF0086800364616 /* Project object */;
			proxyType = 1;
			remoteGlobalIDString = 25175B242AF0086800364616;
			remoteInfo = "Adventure App";
		};
/* End PBXContainerItemProxy section */

/* Begin PBXFileReference section */
		250A66E72AF94DBB00BFD9DF /* Assets.xcassets */ = {isa = PBXFileReference; lastKnownFileType = folder.assetcatalog; path = Assets.xcassets; sourceTree = "<group>"; };
		25175B252AF0086800364616 /* Adventure App.app */ = {isa = PBXFileReference; explicitFileType = wrapper.application; includeInIndex = 0; path = "Adventure App.app"; sourceTree = BUILT_PRODUCTS_DIR; };
		25175B282AF0086800364616 /* AppDelegate.swift */ = {isa = PBXFileReference; lastKnownFileType = sourcecode.swift; path = AppDelegate.swift; sourceTree = "<group>"; };
		25175B2A2AF0086800364616 /* SceneDelegate.swift */ = {isa = PBXFileReference; lastKnownFileType = sourcecode.swift; path = SceneDelegate.swift; sourceTree = "<group>"; };
		25175B2C2AF0086800364616 /* ViewController.swift */ = {isa = PBXFileReference; lastKnownFileType = sourcecode.swift; path = ViewController.swift; sourceTree = "<group>"; };
		25175B2F2AF0086800364616 /* Base */ = {isa = PBXFileReference; lastKnownFileType = file.storyboard; name = Base; path = Base.lproj/Main.storyboard; sourceTree = "<group>"; };
		25175B342AF0086A00364616 /* Base */ = {isa = PBXFileReference; lastKnownFileType = file.storyboard; name = Base; path = Base.lproj/LaunchScreen.storyboard; sourceTree = "<group>"; };
		25175B362AF0086A00364616 /* Info.plist */ = {isa = PBXFileReference; lastKnownFileType = text.plist.xml; path = Info.plist; sourceTree = "<group>"; };
		25175B3B2AF0086A00364616 /* Adventure AppTests.xctest */ = {isa = PBXFileReference; explicitFileType = wrapper.cfbundle; includeInIndex = 0; path = "Adventure AppTests.xctest"; sourceTree = BUILT_PRODUCTS_DIR; };
		25175B3F2AF0086A00364616 /* Adventure_AppTests.swift */ = {isa = PBXFileReference; lastKnownFileType = sourcecode.swift; path = Adventure_AppTests.swift; sourceTree = "<group>"; };
		25175B452AF0086A00364616 /* Adventure AppUITests.xctest */ = {isa = PBXFileReference; explicitFileType = wrapper.cfbundle; includeInIndex = 0; path = "Adventure AppUITests.xctest"; sourceTree = BUILT_PRODUCTS_DIR; };
		25175B492AF0086A00364616 /* Adventure_AppUITests.swift */ = {isa = PBXFileReference; lastKnownFileType = sourcecode.swift; path = Adventure_AppUITests.swift; sourceTree = "<group>"; };
		25175B4B2AF0086A00364616 /* Adventure_AppUITestsLaunchTests.swift */ = {isa = PBXFileReference; lastKnownFileType = sourcecode.swift; path = Adventure_AppUITestsLaunchTests.swift; sourceTree = "<group>"; };
/* End PBXFileReference section */

/* Begin PBXFrameworksBuildPhase section */
		25175B222AF0086800364616 /* Frameworks */ = {
			isa = PBXFrameworksBuildPhase;
			buildActionMask = 2147483647;
			files = (
			);
			runOnlyForDeploymentPostprocessing = 0;
		};
		25175B382AF0086A00364616 /* Frameworks */ = {
			isa = PBXFrameworksBuildPhase;
			buildActionMask = 2147483647;
			files = (
			);
			runOnlyForDeploymentPostprocessing = 0;
		};
		25175B422AF0086A00364616 /* Frameworks */ = {
			isa = PBXFrameworksBuildPhase;
			buildActionMask = 2147483647;
			files = (
			);
			runOnlyForDeploymentPostprocessing = 0;
		};
/* End PBXFrameworksBuildPhase section */

/* Begin PBXGroup section */
		25175B1C2AF0086800364616 = {
			isa = PBXGroup;
			children = (
				25175B272AF0086800364616 /* Adventure App */,
				25175B3E2AF0086A00364616 /* Adventure AppTests */,
				25175B482AF0086A00364616 /* Adventure AppUITests */,
				25175B262AF0086800364616 /* Products */,
			);
			sourceTree = "<group>";
		};
		25175B262AF0086800364616 /* Products */ = {
			isa = PBXGroup;
			children = (
				25175B252AF0086800364616 /* Adventure App.app */,
				25175B3B2AF0086A00364616 /* Adventure AppTests.xctest */,
				25175B452AF0086A00364616 /* Adventure AppUITests.xctest */,
			);
			name = Products;
			sourceTree = "<group>";
		};
		25175B272AF0086800364616 /* Adventure App */ = {
			isa = PBXGroup;
			children = (
				25175B282AF0086800364616 /* AppDelegate.swift */,
				25175B2A2AF0086800364616 /* SceneDelegate.swift */,
				25175B2C2AF0086800364616 /* ViewController.swift */,
				25175B2E2AF0086800364616 /* Main.storyboard */,
				250A66E72AF94DBB00BFD9DF /* Assets.xcassets */,
				25175B332AF0086A00364616 /* LaunchScreen.storyboard */,
				25175B362AF0086A00364616 /* Info.plist */,
			);
			path = "Adventure App";
			sourceTree = "<group>";
		};
		25175B3E2AF0086A00364616 /* Adventure AppTests */ = {
			isa = PBXGroup;
			children = (
				25175B3F2AF0086A00364616 /* Adventure_AppTests.swift */,
			);
			path = "Adventure AppTests";
			sourceTree = "<group>";
		};
		25175B482AF0086A00364616 /* Adventure AppUITests */ = {
			isa = PBXGroup;
			children = (
				25175B492AF0086A00364616 /* Adventure_AppUITests.swift */,
				25175B4B2AF0086A00364616 /* Adventure_AppUITestsLaunchTests.swift */,
			);
			path = "Adventure AppUITests";
			sourceTree = "<group>";
		};
/* End PBXGroup section */

/* Begin PBXNativeTarget section */
		25175B242AF0086800364616 /* Adventure App */ = {
			isa = PBXNativeTarget;
			buildConfigurationList = 25175B4F2AF0086A00364616 /* Build configuration list for PBXNativeTarget "Adventure App" */;
			buildPhases = (
				25175B212AF0086800364616 /* Sources */,
				25175B222AF0086800364616 /* Frameworks */,
				25175B232AF0086800364616 /* Resources */,
			);
			buildRules = (
			);
			dependencies = (
			);
			name = "Adventure App";
			productName = "Adventure App";
			productReference = 25175B252AF0086800364616 /* Adventure App.app */;
			productType = "com.apple.product-type.application";
		};
		25175B3A2AF0086A00364616 /* Adventure AppTests */ = {
			isa = PBXNativeTarget;
			buildConfigurationList = 25175B522AF0086A00364616 /* Build configuration list for PBXNativeTarget "Adventure AppTests" */;
			buildPhases = (
				25175B372AF0086A00364616 /* Sources */,
				25175B382AF0086A00364616 /* Frameworks */,
				25175B392AF0086A00364616 /* Resources */,
			);
			buildRules = (
			);
			dependencies = (
				25175B3D2AF0086A00364616 /* PBXTargetDependency */,
			);
			name = "Adventure AppTests";
			productName = "Adventure AppTests";
			productReference = 25175B3B2AF0086A00364616 /* Adventure AppTests.xctest */;
			productType = "com.apple.product-type.bundle.unit-test";
		};
		25175B442AF0086A00364616 /* Adventure AppUITests */ = {
			isa = PBXNativeTarget;
			buildConfigurationList = 25175B552AF0086A00364616 /* Build configuration list for PBXNativeTarget "Adventure AppUITests" */;
			buildPhases = (
				25175B412AF0086A00364616 /* Sources */,
				25175B422AF0086A00364616 /* Frameworks */,
				25175B432AF0086A00364616 /* Resources */,
			);
			buildRules = (
			);
			dependencies = (
				25175B472AF0086A00364616 /* PBXTargetDependency */,
			);
			name = "Adventure AppUITests";
			productName = "Adventure AppUITests";
			productReference = 25175B452AF0086A00364616 /* Adventure AppUITests.xctest */;
			productType = "com.apple.product-type.bundle.ui-testing";
		};
/* End PBXNativeTarget section */

/* Begin PBXProject section */
		25175B1D2AF0086800364616 /* Project object */ = {
			isa = PBXProject;
			attributes = {
				BuildIndependentTargetsInParallel = 1;
				LastSwiftUpdateCheck = 1430;
				LastUpgradeCheck = 1430;
				TargetAttributes = {
					25175B242AF0086800364616 = {
						CreatedOnToolsVersion = 14.3.1;
					};
					25175B3A2AF0086A00364616 = {
						CreatedOnToolsVersion = 14.3.1;
						TestTargetID = 25175B242AF0086800364616;
					};
					25175B442AF0086A00364616 = {
						CreatedOnToolsVersion = 14.3.1;
						TestTargetID = 25175B242AF0086800364616;
					};
				};
			};
			buildConfigurationList = 25175B202AF0086800364616 /* Build configuration list for PBXProject "Adventure App" */;
			compatibilityVersion = "Xcode 14.0";
			developmentRegion = en;
			hasScannedForEncodings = 0;
			knownRegions = (
				en,
				Base,
			);
			mainGroup = 25175B1C2AF0086800364616;
			productRefGroup = 25175B262AF0086800364616 /* Products */;
			projectDirPath = "";
			projectRoot = "";
			targets = (
				25175B242AF0086800364616 /* Adventure App */,
				25175B3A2AF0086A00364616 /* Adventure AppTests */,
				25175B442AF0086A00364616 /* Adventure AppUITests */,
			);
		};
/* End PBXProject section */

/* Begin PBXResourcesBuildPhase section */
		25175B232AF0086800364616 /* Resources */ = {
			isa = PBXResourcesBuildPhase;
			buildActionMask = 2147483647;
			files = (
				25175B352AF0086A00364616 /* LaunchScreen.storyboard in Resources */,
				250A66E82AF94DBB00BFD9DF /* Assets.xcassets in Resources */,
				25175B302AF0086800364616 /* Main.storyboard in Resources */,
			);
			runOnlyForDeploymentPostprocessing = 0;
		};
		25175B392AF0086A00364616 /* Resources */ = {
			isa = PBXResourcesBuildPhase;
			buildActionMask = 2147483647;
			files = (
			);
			runOnlyForDeploymentPostprocessing = 0;
		};
		25175B432AF0086A00364616 /* Resources */ = {
			isa = PBXResourcesBuildPhase;
			buildActionMask = 2147483647;
			files = (
			);
			runOnlyForDeploymentPostprocessing = 0;
		};
/* End PBXResourcesBuildPhase section */

/* Begin PBXSourcesBuildPhase section */
		25175B212AF0086800364616 /* Sources */ = {
			isa = PBXSourcesBuildPhase;
			buildActionMask = 2147483647;
			files = (
				25175B2D2AF0086800364616 /* ViewController.swift in Sources */,
				25175B292AF0086800364616 /* AppDelegate.swift in Sources */,
				25175B2B2AF0086800364616 /* SceneDelegate.swift in Sources */,
			);
			runOnlyForDeploymentPostprocessing = 0;
		};
		25175B372AF0086A00364616 /* Sources */ = {
			isa = PBXSourcesBuildPhase;
			buildActionMask = 2147483647;
			files = (
				25175B402AF0086A00364616 /* Adventure_AppTests.swift in Sources */,
			);
			runOnlyForDeploymentPostprocessing = 0;
		};
		25175B412AF0086A00364616 /* Sources */ = {
			isa = PBXSourcesBuildPhase;
			buildActionMask = 2147483647;
			files = (
				25175B4A2AF0086A00364616 /* Adventure_AppUITests.swift in Sources */,
				25175B4C2AF0086A00364616 /* Adventure_AppUITestsLaunchTests.swift in Sources */,
			);
			runOnlyForDeploymentPostprocessing = 0;
		};
/* End PBXSourcesBuildPhase section */

/* Begin PBXTargetDependency section */
		25175B3D2AF0086A00364616 /* PBXTargetDependency */ = {
			isa = PBXTargetDependency;
			target = 25175B242AF0086800364616 /* Adventure App */;
			targetProxy = 25175B3C2AF0086A00364616 /* PBXContainerItemProxy */;
		};
		25175B472AF0086A00364616 /* PBXTargetDependency */ = {
			isa = PBXTargetDependency;
			target = 25175B242AF0086800364616 /* Adventure App */;
			targetProxy = 25175B462AF0086A00364616 /* PBXContainerItemProxy */;
		};
/* End PBXTargetDependency section */

/* Begin PBXVariantGroup section */
		25175B2E2AF0086800364616 /* Main.storyboard */ = {
			isa = PBXVariantGroup;
			children = (
				25175B2F2AF0086800364616 /* Base */,
			);
			name = Main.storyboard;
			sourceTree = "<group>";
		};
		25175B332AF0086A00364616 /* LaunchScreen.storyboard */ = {
			isa = PBXVariantGroup;
			children = (
				25175B342AF0086A00364616 /* Base */,
			);
			name = LaunchScreen.storyboard;
			sourceTree = "<group>";
		};
/* End PBXVariantGroup section */

/* Begin XCBuildConfiguration section */
		25175B4D2AF0086A00364616 /* Debug */ = {
			isa = XCBuildConfiguration;
			buildSettings = {
				ALWAYS_SEARCH_USER_PATHS = NO;
				CLANG_ANALYZER_NONNULL = YES;
				CLANG_ANALYZER_NUMBER_OBJECT_CONVERSION = YES_AGGRESSIVE;
				CLANG_CXX_LANGUAGE_STANDARD = "gnu++20";
				CLANG_ENABLE_MODULES = YES;
				CLANG_ENABLE_OBJC_ARC = YES;
				CLANG_ENABLE_OBJC_WEAK = YES;
				CLANG_WARN_BLOCK_CAPTURE_AUTORELEASING = YES;
				CLANG_WARN_BOOL_CONVERSION = YES;
				CLANG_WARN_COMMA = YES;
				CLANG_WARN_CONSTANT_CONVERSION = YES;
				CLANG_WARN_DEPRECATED_OBJC_IMPLEMENTATIONS = YES;
				CLANG_WARN_DIRECT_OBJC_ISA_USAGE = YES_ERROR;
				CLANG_WARN_DOCUMENTATION_COMMENTS = YES;
				CLANG_WARN_EMPTY_BODY = YES;
				CLANG_WARN_ENUM_CONVERSION = YES;
				CLANG_WARN_INFINITE_RECURSION = YES;
				CLANG_WARN_INT_CONVERSION = YES;
				CLANG_WARN_NON_LITERAL_NULL_CONVERSION = YES;
				CLANG_WARN_OBJC_IMPLICIT_RETAIN_SELF = YES;
				CLANG_WARN_OBJC_LITERAL_CONVERSION = YES;
				CLANG_WARN_OBJC_ROOT_CLASS = YES_ERROR;
				CLANG_WARN_QUOTED_INCLUDE_IN_FRAMEWORK_HEADER = YES;
				CLANG_WARN_RANGE_LOOP_ANALYSIS = YES;
				CLANG_WARN_STRICT_PROTOTYPES = YES;
				CLANG_WARN_SUSPICIOUS_MOVE = YES;
				CLANG_WARN_UNGUARDED_AVAILABILITY = YES_AGGRESSIVE;
				CLANG_WARN_UNREACHABLE_CODE = YES;
				CLANG_WARN__DUPLICATE_METHOD_MATCH = YES;
				COPY_PHASE_STRIP = NO;
				DEBUG_INFORMATION_FORMAT = dwarf;
				ENABLE_STRICT_OBJC_MSGSEND = YES;
				ENABLE_TESTABILITY = YES;
				GCC_C_LANGUAGE_STANDARD = gnu11;
				GCC_DYNAMIC_NO_PIC = NO;
				GCC_NO_COMMON_BLOCKS = YES;
				GCC_OPTIMIZATION_LEVEL = 0;
				GCC_PREPROCESSOR_DEFINITIONS = (
					"DEBUG=1",
					"$(inherited)",
				);
				GCC_WARN_64_TO_32_BIT_CONVERSION = YES;
				GCC_WARN_ABOUT_RETURN_TYPE = YES_ERROR;
				GCC_WARN_UNDECLARED_SELECTOR = YES;
				GCC_WARN_UNINITIALIZED_AUTOS = YES_AGGRESSIVE;
				GCC_WARN_UNUSED_FUNCTION = YES;
				GCC_WARN_UNUSED_VARIABLE = YES;
				IPHONEOS_DEPLOYMENT_TARGET = 16.4;
				MTL_ENABLE_DEBUG_INFO = INCLUDE_SOURCE;
				MTL_FAST_MATH = YES;
				ONLY_ACTIVE_ARCH = YES;
				SDKROOT = iphoneos;
				SWIFT_ACTIVE_COMPILATION_CONDITIONS = DEBUG;
				SWIFT_OPTIMIZATION_LEVEL = "-Onone";
			};
			name = Debug;
		};
		25175B4E2AF0086A00364616 /* Release */ = {
			isa = XCBuildConfiguration;
			buildSettings = {
				ALWAYS_SEARCH_USER_PATHS = NO;
				CLANG_ANALYZER_NONNULL = YES;
				CLANG_ANALYZER_NUMBER_OBJECT_CONVERSION = YES_AGGRESSIVE;
				CLANG_CXX_LANGUAGE_STANDARD = "gnu++20";
				CLANG_ENABLE_MODULES = YES;
				CLANG_ENABLE_OBJC_ARC = YES;
				CLANG_ENABLE_OBJC_WEAK = YES;
				CLANG_WARN_BLOCK_CAPTURE_AUTORELEASING = YES;
				CLANG_WARN_BOOL_CONVERSION = YES;
				CLANG_WARN_COMMA = YES;
				CLANG_WARN_CONSTANT_CONVERSION = YES;
				CLANG_WARN_DEPRECATED_OBJC_IMPLEMENTATIONS = YES;
				CLANG_WARN_DIRECT_OBJC_ISA_USAGE = YES_ERROR;
				CLANG_WARN_DOCUMENTATION_COMMENTS = YES;
				CLANG_WARN_EMPTY_BODY = YES;
				CLANG_WARN_ENUM_CONVERSION = YES;
				CLANG_WARN_INFINITE_RECURSION = YES;
				CLANG_WARN_INT_CONVERSION = YES;
				CLANG_WARN_NON_LITERAL_NULL_CONVERSION = YES;
				CLANG_WARN_OBJC_IMPLICIT_RETAIN_SELF = YES;
				CLANG_WARN_OBJC_LITERAL_CONVERSION = YES;
				CLANG_WARN_OBJC_ROOT_CLASS = YES_ERROR;
				CLANG_WARN_QUOTED_INCLUDE_IN_FRAMEWORK_HEADER = YES;
				CLANG_WARN_RANGE_LOOP_ANALYSIS = YES;
				CLANG_WARN_STRICT_PROTOTYPES = YES;
				CLANG_WARN_SUSPICIOUS_MOVE = YES;
				CLANG_WARN_UNGUARDED_AVAILABILITY = YES_AGGRESSIVE;
				CLANG_WARN_UNREACHABLE_CODE = YES;
				CLANG_WARN__DUPLICATE_METHOD_MATCH = YES;
				COPY_PHASE_STRIP = NO;
				DEBUG_INFORMATION_FORMAT = "dwarf-with-dsym";
				ENABLE_NS_ASSERTIONS = NO;
				ENABLE_STRICT_OBJC_MSGSEND = YES;
				GCC_C_LANGUAGE_STANDARD = gnu11;
				GCC_NO_COMMON_BLOCKS = YES;
				GCC_WARN_64_TO_32_BIT_CONVERSION = YES;
				GCC_WARN_ABOUT_RETURN_TYPE = YES_ERROR;
				GCC_WARN_UNDECLARED_SELECTOR = YES;
				GCC_WARN_UNINITIALIZED_AUTOS = YES_AGGRESSIVE;
				GCC_WARN_UNUSED_FUNCTION = YES;
				GCC_WARN_UNUSED_VARIABLE = YES;
				IPHONEOS_DEPLOYMENT_TARGET = 16.4;
				MTL_ENABLE_DEBUG_INFO = NO;
				MTL_FAST_MATH = YES;
				SDKROOT = iphoneos;
				SWIFT_COMPILATION_MODE = wholemodule;
				SWIFT_OPTIMIZATION_LEVEL = "-O";
				VALIDATE_PRODUCT = YES;
			};
			name = Release;
		};
		25175B502AF0086A00364616 /* Debug */ = {
			isa = XCBuildConfiguration;
			buildSettings = {
				ASSETCATALOG_COMPILER_APPICON_NAME = AppIcon;
				ASSETCATALOG_COMPILER_GLOBAL_ACCENT_COLOR_NAME = AccentColor;
				CODE_SIGN_STYLE = Automatic;
				CURRENT_PROJECT_VERSION = 1;
				GENERATE_INFOPLIST_FILE = YES;
				INFOPLIST_FILE = "Adventure App/Info.plist";
				INFOPLIST_KEY_UIApplicationSupportsIndirectInputEvents = YES;
				INFOPLIST_KEY_UILaunchStoryboardName = LaunchScreen;
				INFOPLIST_KEY_UIMainStoryboardFile = Main;
				INFOPLIST_KEY_UISupportedInterfaceOrientations_iPad = "UIInterfaceOrientationPortrait UIInterfaceOrientationPortraitUpsideDown UIInterfaceOrientationLandscapeLeft UIInterfaceOrientationLandscapeRight";
				INFOPLIST_KEY_UISupportedInterfaceOrientations_iPhone = "UIInterfaceOrientationPortrait UIInterfaceOrientationLandscapeLeft UIInterfaceOrientationLandscapeRight";
				LD_RUNPATH_SEARCH_PATHS = (
					"$(inherited)",
					"@executable_path/Frameworks",
				);
				MARKETING_VERSION = 1.0;
				PRODUCT_BUNDLE_IDENTIFIER = "clc.Adventure-App";
				PRODUCT_NAME = "$(TARGET_NAME)";
				SWIFT_EMIT_LOC_STRINGS = YES;
				SWIFT_VERSION = 5.0;
				TARGETED_DEVICE_FAMILY = "1,2";
			};
			name = Debug;
		};
		25175B512AF0086A00364616 /* Release */ = {
			isa = XCBuildConfiguration;
			buildSettings = {
				ASSETCATALOG_COMPILER_APPICON_NAME = AppIcon;
				ASSETCATALOG_COMPILER_GLOBAL_ACCENT_COLOR_NAME = AccentColor;
				CODE_SIGN_STYLE = Automatic;
				CURRENT_PROJECT_VERSION = 1;
				GENERATE_INFOPLIST_FILE = YES;
				INFOPLIST_FILE = "Adventure App/Info.plist";
				INFOPLIST_KEY_UIApplicationSupportsIndirectInputEvents = YES;
				INFOPLIST_KEY_UILaunchStoryboardName = LaunchScreen;
				INFOPLIST_KEY_UIMainStoryboardFile = Main;
				INFOPLIST_KEY_UISupportedInterfaceOrientations_iPad = "UIInterfaceOrientationPortrait UIInterfaceOrientationPortraitUpsideDown UIInterfaceOrientationLandscapeLeft UIInterfaceOrientationLandscapeRight";
				INFOPLIST_KEY_UISupportedInterfaceOrientations_iPhone = "UIInterfaceOrientationPortrait UIInterfaceOrientationLandscapeLeft UIInterfaceOrientationLandscapeRight";
				LD_RUNPATH_SEARCH_PATHS = (
					"$(inherited)",
					"@executable_path/Frameworks",
				);
				MARKETING_VERSION = 1.0;
				PRODUCT_BUNDLE_IDENTIFIER = "clc.Adventure-App";
				PRODUCT_NAME = "$(TARGET_NAME)";
				SWIFT_EMIT_LOC_STRINGS = YES;
				SWIFT_VERSION = 5.0;
				TARGETED_DEVICE_FAMILY = "1,2";
			};
			name = Release;
		};
		25175B532AF0086A00364616 /* Debug */ = {
			isa = XCBuildConfiguration;
			buildSettings = {
				ALWAYS_EMBED_SWIFT_STANDARD_LIBRARIES = YES;
				BUNDLE_LOADER = "$(TEST_HOST)";
				CODE_SIGN_STYLE = Automatic;
				CURRENT_PROJECT_VERSION = 1;
				GENERATE_INFOPLIST_FILE = YES;
				IPHONEOS_DEPLOYMENT_TARGET = 16.4;
				MARKETING_VERSION = 1.0;
				PRODUCT_BUNDLE_IDENTIFIER = "clc.Adventure-AppTests";
				PRODUCT_NAME = "$(TARGET_NAME)";
				SWIFT_EMIT_LOC_STRINGS = NO;
				SWIFT_VERSION = 5.0;
				TARGETED_DEVICE_FAMILY = "1,2";
				TEST_HOST = "$(BUILT_PRODUCTS_DIR)/Adventure App.app/$(BUNDLE_EXECUTABLE_FOLDER_PATH)/Adventure App";
			};
			name = Debug;
		};
		25175B542AF0086A00364616 /* Release */ = {
			isa = XCBuildConfiguration;
			buildSettings = {
				ALWAYS_EMBED_SWIFT_STANDARD_LIBRARIES = YES;
				BUNDLE_LOADER = "$(TEST_HOST)";
				CODE_SIGN_STYLE = Automatic;
				CURRENT_PROJECT_VERSION = 1;
				GENERATE_INFOPLIST_FILE = YES;
				IPHONEOS_DEPLOYMENT_TARGET = 16.4;
				MARKETING_VERSION = 1.0;
				PRODUCT_BUNDLE_IDENTIFIER = "clc.Adventure-AppTests";
				PRODUCT_NAME = "$(TARGET_NAME)";
				SWIFT_EMIT_LOC_STRINGS = NO;
				SWIFT_VERSION = 5.0;
				TARGETED_DEVICE_FAMILY = "1,2";
				TEST_HOST = "$(BUILT_PRODUCTS_DIR)/Adventure App.app/$(BUNDLE_EXECUTABLE_FOLDER_PATH)/Adventure App";
			};
			name = Release;
		};
		25175B562AF0086A00364616 /* Debug */ = {
			isa = XCBuildConfiguration;
			buildSettings = {
				ALWAYS_EMBED_SWIFT_STANDARD_LIBRARIES = YES;
				CODE_SIGN_STYLE = Automatic;
				CURRENT_PROJECT_VERSION = 1;
				GENERATE_INFOPLIST_FILE = YES;
				MARKETING_VERSION = 1.0;
				PRODUCT_BUNDLE_IDENTIFIER = "clc.Adventure-AppUITests";
				PRODUCT_NAME = "$(TARGET_NAME)";
				SWIFT_EMIT_LOC_STRINGS = NO;
				SWIFT_VERSION = 5.0;
				TARGETED_DEVICE_FAMILY = "1,2";
				TEST_TARGET_NAME = "Adventure App";
			};
			name = Debug;
		};
		25175B572AF0086A00364616 /* Release */ = {
			isa = XCBuildConfiguration;
			buildSettings = {
				ALWAYS_EMBED_SWIFT_STANDARD_LIBRARIES = YES;
				CODE_SIGN_STYLE = Automatic;
				CURRENT_PROJECT_VERSION = 1;
				GENERATE_INFOPLIST_FILE = YES;
				MARKETING_VERSION = 1.0;
				PRODUCT_BUNDLE_IDENTIFIER = "clc.Adventure-AppUITests";
				PRODUCT_NAME = "$(TARGET_NAME)";
				SWIFT_EMIT_LOC_STRINGS = NO;
				SWIFT_VERSION = 5.0;
				TARGETED_DEVICE_FAMILY = "1,2";
				TEST_TARGET_NAME = "Adventure App";
			};
			name = Release;
		};
/* End XCBuildConfiguration section */

/* Begin XCConfigurationList section */
		25175B202AF0086800364616 /* Build configuration list for PBXProject "Adventure App" */ = {
			isa = XCConfigurationList;
			buildConfigurations = (
				25175B4D2AF0086A00364616 /* Debug */,
				25175B4E2AF0086A00364616 /* Release */,
			);
			defaultConfigurationIsVisible = 0;
			defaultConfigurationName = Release;
		};
		25175B4F2AF0086A00364616 /* Build configuration list for PBXNativeTarget "Adventure App" */ = {
			isa = XCConfigurationList;
			buildConfigurations = (
				25175B502AF0086A00364616 /* Debug */,
				25175B512AF0086A00364616 /* Release */,
			);
			defaultConfigurationIsVisible = 0;
			defaultConfigurationName = Release;
		};
		25175B522AF0086A00364616 /* Build configuration list for PBXNativeTarget "Adventure AppTests" */ = {
			isa = XCConfigurationList;
			buildConfigurations = (
				25175B532AF0086A00364616 /* Debug */,
				25175B542AF0086A00364616 /* Release */,
			);
			defaultConfigurationIsVisible = 0;
			defaultConfigurationName = Release;
		};
		25175B552AF0086A00364616 /* Build configuration list for PBXNativeTarget "Adventure AppUITests" */ = {
			isa = XCConfigurationList;
			buildConfigurations = (
				25175B562AF0086A00364616 /* Debug */,
				25175B572AF0086A00364616 /* Release */,
			);
			defaultConfigurationIsVisible = 0;
			defaultConfigurationName = Release;
		};
/* End XCConfigurationList section */
	};
	rootObject = 25175B1D2AF0086800364616 /* Project object */;
}
